// !$*UTF8*$!
{
	archiveVersion = 1;
	classes = {
	};
	objectVersion = 56;
	objects = {

/* Begin PBXBuildFile section */
		6804DF8529AE5F7C00069F9C /* AppDelegate.swift in Sources */ = {isa = PBXBuildFile; fileRef = 6804DF8429AE5F7C00069F9C /* AppDelegate.swift */; };
		6804DF8C29AE5F7C00069F9C /* Main.storyboard in Resources */ = {isa = PBXBuildFile; fileRef = 6804DF8A29AE5F7C00069F9C /* Main.storyboard */; };
		6804DF8E29AE5F7D00069F9C /* Assets.xcassets in Resources */ = {isa = PBXBuildFile; fileRef = 6804DF8D29AE5F7D00069F9C /* Assets.xcassets */; };
		6804DF9129AE5F7D00069F9C /* LaunchScreen.storyboard in Resources */ = {isa = PBXBuildFile; fileRef = 6804DF8F29AE5F7D00069F9C /* LaunchScreen.storyboard */; };
		68A8499729B8E0F9006933C5 /* GitHubRepositoryBase in Frameworks */ = {isa = PBXBuildFile; productRef = 68A8499629B8E0F9006933C5 /* GitHubRepositoryBase */; };
/* End PBXBuildFile section */

/* Begin PBXFileReference section */
		6804DF8129AE5F7C00069F9C /* GitHubRepositoryRelease.app */ = {isa = PBXFileReference; explicitFileType = wrapper.application; includeInIndex = 0; path = GitHubRepositoryRelease.app; sourceTree = BUILT_PRODUCTS_DIR; };
		6804DF8429AE5F7C00069F9C /* AppDelegate.swift */ = {isa = PBXFileReference; lastKnownFileType = sourcecode.swift; path = AppDelegate.swift; sourceTree = "<group>"; };
		6804DF8B29AE5F7C00069F9C /* Base */ = {isa = PBXFileReference; lastKnownFileType = file.storyboard; name = Base; path = Base.lproj/Main.storyboard; sourceTree = "<group>"; };
		6804DF8D29AE5F7D00069F9C /* Assets.xcassets */ = {isa = PBXFileReference; lastKnownFileType = folder.assetcatalog; path = Assets.xcassets; sourceTree = "<group>"; };
		6804DF9029AE5F7D00069F9C /* Base */ = {isa = PBXFileReference; lastKnownFileType = file.storyboard; name = Base; path = Base.lproj/LaunchScreen.storyboard; sourceTree = "<group>"; };
		6804DF9229AE5F7D00069F9C /* Info.plist */ = {isa = PBXFileReference; lastKnownFileType = text.plist.xml; path = Info.plist; sourceTree = "<group>"; };
/* End PBXFileReference section */

/* Begin PBXFrameworksBuildPhase section */
		6804DF7E29AE5F7C00069F9C /* Frameworks */ = {
			isa = PBXFrameworksBuildPhase;
			buildActionMask = 2147483647;
			files = (
				68A8499729B8E0F9006933C5 /* GitHubRepositoryBase in Frameworks */,
			);
			runOnlyForDeploymentPostprocessing = 0;
		};
/* End PBXFrameworksBuildPhase section */

/* Begin PBXGroup section */
		6804DF7829AE5F7C00069F9C = {
			isa = PBXGroup;
			children = (
				6804DF8329AE5F7C00069F9C /* GitHubRepositoryRelease */,
				6804DF8229AE5F7C00069F9C /* Products */,
				6804DFBC29AE618100069F9C /* Frameworks */,
			);
			sourceTree = "<group>";
		};
		6804DF8229AE5F7C00069F9C /* Products */ = {
			isa = PBXGroup;
			children = (
				6804DF8129AE5F7C00069F9C /* GitHubRepositoryRelease.app */,
			);
			name = Products;
			sourceTree = "<group>";
		};
		6804DF8329AE5F7C00069F9C /* GitHubRepositoryRelease */ = {
			isa = PBXGroup;
			children = (
				6804DF8429AE5F7C00069F9C /* AppDelegate.swift */,
				6804DF8A29AE5F7C00069F9C /* Main.storyboard */,
				6804DF8D29AE5F7D00069F9C /* Assets.xcassets */,
				6804DF8F29AE5F7D00069F9C /* LaunchScreen.storyboard */,
				6804DF9229AE5F7D00069F9C /* Info.plist */,
			);
			path = GitHubRepositoryRelease;
			sourceTree = "<group>";
		};
		6804DFBC29AE618100069F9C /* Frameworks */ = {
			isa = PBXGroup;
			children = (
			);
			name = Frameworks;
			sourceTree = "<group>";
		};
/* End PBXGroup section */

/* Begin PBXNativeTarget section */
		6804DF8029AE5F7C00069F9C /* GitHubRepositoryRelease */ = {
			isa = PBXNativeTarget;
			buildConfigurationList = 6804DFAB29AE5F7D00069F9C /* Build configuration list for PBXNativeTarget "GitHubRepositoryRelease" */;
			buildPhases = (
				6804DF7D29AE5F7C00069F9C /* Sources */,
				6804DF7E29AE5F7C00069F9C /* Frameworks */,
				6804DF7F29AE5F7C00069F9C /* Resources */,
			);
			buildRules = (
			);
			dependencies = (
			);
			name = GitHubRepositoryRelease;
			packageProductDependencies = (
				68A8499629B8E0F9006933C5 /* GitHubRepositoryBase */,
			);
			productName = GitHubRepositoryRelease;
			productReference = 6804DF8129AE5F7C00069F9C /* GitHubRepositoryRelease.app */;
			productType = "com.apple.product-type.application";
		};
/* End PBXNativeTarget section */

/* Begin PBXProject section */
		6804DF7929AE5F7C00069F9C /* Project object */ = {
			isa = PBXProject;
			attributes = {
				BuildIndependentTargetsInParallel = 1;
				LastSwiftUpdateCheck = 1420;
				LastUpgradeCheck = 1420;
				TargetAttributes = {
					6804DF8029AE5F7C00069F9C = {
						CreatedOnToolsVersion = 14.2;
					};
				};
			};
			buildConfigurationList = 6804DF7C29AE5F7C00069F9C /* Build configuration list for PBXProject "GitHubRepositoryRelease" */;
			compatibilityVersion = "Xcode 14.0";
			developmentRegion = en;
			hasScannedForEncodings = 0;
			knownRegions = (
				en,
				Base,
			);
			mainGroup = 6804DF7829AE5F7C00069F9C;
			productRefGroup = 6804DF8229AE5F7C00069F9C /* Products */;
			projectDirPath = "";
			projectRoot = "";
			targets = (
				6804DF8029AE5F7C00069F9C /* GitHubRepositoryRelease */,
			);
		};
/* End PBXProject section */

/* Begin PBXResourcesBuildPhase section */
		6804DF7F29AE5F7C00069F9C /* Resources */ = {
			isa = PBXResourcesBuildPhase;
			buildActionMask = 2147483647;
			files = (
				6804DF9129AE5F7D00069F9C /* LaunchScreen.storyboard in Resources */,
				6804DF8E29AE5F7D00069F9C /* Assets.xcassets in Resources */,
				6804DF8C29AE5F7C00069F9C /* Main.storyboard in Resources */,
			);
			runOnlyForDeploymentPostprocessing = 0;
		};
/* End PBXResourcesBuildPhase section */

/* Begin PBXSourcesBuildPhase section */
		6804DF7D29AE5F7C00069F9C /* Sources */ = {
			isa = PBXSourcesBuildPhase;
			buildActionMask = 2147483647;
			files = (
				6804DF8529AE5F7C00069F9C /* AppDelegate.swift in Sources */,
			);
			runOnlyForDeploymentPostprocessing = 0;
		};
/* End PBXSourcesBuildPhase section */

/* Begin PBXVariantGroup section */
		6804DF8A29AE5F7C00069F9C /* Main.storyboard */ = {
			isa = PBXVariantGroup;
			children = (
				6804DF8B29AE5F7C00069F9C /* Base */,
			);
			name = Main.storyboard;
			sourceTree = "<group>";
		};
		6804DF8F29AE5F7D00069F9C /* LaunchScreen.storyboard */ = {
			isa = PBXVariantGroup;
			children = (
				6804DF9029AE5F7D00069F9C /* Base */,
			);
			name = LaunchScreen.storyboard;
			sourceTree = "<group>";
		};
/* End PBXVariantGroup section */

/* Begin XCBuildConfiguration section */
		6804DFA929AE5F7D00069F9C /* Debug */ = {
			isa = XCBuildConfiguration;
			buildSettings = {
				ALWAYS_SEARCH_USER_PATHS = NO;
				CLANG_ANALYZER_NONNULL = YES;
				CLANG_ANALYZER_NUMBER_OBJECT_CONVERSION = YES_AGGRESSIVE;
				CLANG_CXX_LANGUAGE_STANDARD = "gnu++20";
				CLANG_ENABLE_MODULES = YES;
				CLANG_ENABLE_OBJC_ARC = YES;
				CLANG_ENABLE_OBJC_WEAK = YES;
				CLANG_WARN_BLOCK_CAPTURE_AUTORELEASING = YES;
				CLANG_WARN_BOOL_CONVERSION = YES;
				CLANG_WARN_COMMA = YES;
				CLANG_WARN_CONSTANT_CONVERSION = YES;
				CLANG_WARN_DEPRECATED_OBJC_IMPLEMENTATIONS = YES;
				CLANG_WARN_DIRECT_OBJC_ISA_USAGE = YES_ERROR;
				CLANG_WARN_DOCUMENTATION_COMMENTS = YES;
				CLANG_WARN_EMPTY_BODY = YES;
				CLANG_WARN_ENUM_CONVERSION = YES;
				CLANG_WARN_INFINITE_RECURSION = YES;
				CLANG_WARN_INT_CONVERSION = YES;
				CLANG_WARN_NON_LITERAL_NULL_CONVERSION = YES;
				CLANG_WARN_OBJC_IMPLICIT_RETAIN_SELF = YES;
				CLANG_WARN_OBJC_LITERAL_CONVERSION = YES;
				CLANG_WARN_OBJC_ROOT_CLASS = YES_ERROR;
				CLANG_WARN_QUOTED_INCLUDE_IN_FRAMEWORK_HEADER = YES;
				CLANG_WARN_RANGE_LOOP_ANALYSIS = YES;
				CLANG_WARN_STRICT_PROTOTYPES = YES;
				CLANG_WARN_SUSPICIOUS_MOVE = YES;
				CLANG_WARN_UNGUARDED_AVAILABILITY = YES_AGGRESSIVE;
				CLANG_WARN_UNREACHABLE_CODE = YES;
				CLANG_WARN__DUPLICATE_METHOD_MATCH = YES;
				COPY_PHASE_STRIP = NO;
				DEBUG_INFORMATION_FORMAT = dwarf;
				ENABLE_STRICT_OBJC_MSGSEND = YES;
				ENABLE_TESTABILITY = YES;
				GCC_C_LANGUAGE_STANDARD = gnu11;
				GCC_DYNAMIC_NO_PIC = NO;
				GCC_NO_COMMON_BLOCKS = YES;
				GCC_OPTIMIZATION_LEVEL = 0;
				GCC_PREPROCESSOR_DEFINITIONS = (
					"DEBUG=1",
					"$(inherited)",
				);
				GCC_WARN_64_TO_32_BIT_CONVERSION = YES;
				GCC_WARN_ABOUT_RETURN_TYPE = YES_ERROR;
				GCC_WARN_UNDECLARED_SELECTOR = YES;
				GCC_WARN_UNINITIALIZED_AUTOS = YES_AGGRESSIVE;
				GCC_WARN_UNUSED_FUNCTION = YES;
				GCC_WARN_UNUSED_VARIABLE = YES;
				IPHONEOS_DEPLOYMENT_TARGET = 16.1;
				MTL_ENABLE_DEBUG_INFO = INCLUDE_SOURCE;
				MTL_FAST_MATH = YES;
				ONLY_ACTIVE_ARCH = YES;
				SDKROOT = iphoneos;
				SWIFT_ACTIVE_COMPILATION_CONDITIONS = DEBUG;
				SWIFT_OPTIMIZATION_LEVEL = "-Onone";
			};
			name = Debug;
		};
		6804DFAA29AE5F7D00069F9C /* Release */ = {
			isa = XCBuildConfiguration;
			buildSettings = {
				ALWAYS_SEARCH_USER_PATHS = NO;
				CLANG_ANALYZER_NONNULL = YES;
				CLANG_ANALYZER_NUMBER_OBJECT_CONVERSION = YES_AGGRESSIVE;
				CLANG_CXX_LANGUAGE_STANDARD = "gnu++20";
				CLANG_ENABLE_MODULES = YES;
				CLANG_ENABLE_OBJC_ARC = YES;
				CLANG_ENABLE_OBJC_WEAK = YES;
				CLANG_WARN_BLOCK_CAPTURE_AUTORELEASING = YES;
				CLANG_WARN_BOOL_CONVERSION = YES;
				CLANG_WARN_COMMA = YES;
				CLANG_WARN_CONSTANT_CONVERSION = YES;
				CLANG_WARN_DEPRECATED_OBJC_IMPLEMENTATIONS = YES;
				CLANG_WARN_DIRECT_OBJC_ISA_USAGE = YES_ERROR;
				CLANG_WARN_DOCUMENTATION_COMMENTS = YES;
				CLANG_WARN_EMPTY_BODY = YES;
				CLANG_WARN_ENUM_CONVERSION = YES;
				CLANG_WARN_INFINITE_RECURSION = YES;
				CLANG_WARN_INT_CONVERSION = YES;
				CLANG_WARN_NON_LITERAL_NULL_CONVERSION = YES;
				CLANG_WARN_OBJC_IMPLICIT_RETAIN_SELF = YES;
				CLANG_WARN_OBJC_LITERAL_CONVERSION = YES;
				CLANG_WARN_OBJC_ROOT_CLASS = YES_ERROR;
				CLANG_WARN_QUOTED_INCLUDE_IN_FRAMEWORK_HEADER = YES;
				CLANG_WARN_RANGE_LOOP_ANALYSIS = YES;
				CLANG_WARN_STRICT_PROTOTYPES = YES;
				CLANG_WARN_SUSPICIOUS_MOVE = YES;
				CLANG_WARN_UNGUARDED_AVAILABILITY = YES_AGGRESSIVE;
				CLANG_WARN_UNREACHABLE_CODE = YES;
				CLANG_WARN__DUPLICATE_METHOD_MATCH = YES;
				COPY_PHASE_STRIP = NO;
				DEBUG_INFORMATION_FORMAT = "dwarf-with-dsym";
				ENABLE_NS_ASSERTIONS = NO;
				ENABLE_STRICT_OBJC_MSGSEND = YES;
				GCC_C_LANGUAGE_STANDARD = gnu11;
				GCC_NO_COMMON_BLOCKS = YES;
				GCC_WARN_64_TO_32_BIT_CONVERSION = YES;
				GCC_WARN_ABOUT_RETURN_TYPE = YES_ERROR;
				GCC_WARN_UNDECLARED_SELECTOR = YES;
				GCC_WARN_UNINITIALIZED_AUTOS = YES_AGGRESSIVE;
				GCC_WARN_UNUSED_FUNCTION = YES;
				GCC_WARN_UNUSED_VARIABLE = YES;
				IPHONEOS_DEPLOYMENT_TARGET = 16.1;
				MTL_ENABLE_DEBUG_INFO = NO;
				MTL_FAST_MATH = YES;
				SDKROOT = iphoneos;
				SWIFT_COMPILATION_MODE = wholemodule;
				SWIFT_OPTIMIZATION_LEVEL = "-O";
				VALIDATE_PRODUCT = YES;
			};
			name = Release;
		};
		6804DFAC29AE5F7D00069F9C /* Debug */ = {
			isa = XCBuildConfiguration;
			buildSettings = {
				ASSETCATALOG_COMPILER_APPICON_NAME = AppIcon;
				ASSETCATALOG_COMPILER_GLOBAL_ACCENT_COLOR_NAME = AccentColor;
				CODE_SIGN_STYLE = Automatic;
				CURRENT_PROJECT_VERSION = 1;
				DEVELOPMENT_TEAM = 669226BDWM;
				GENERATE_INFOPLIST_FILE = YES;
				INFOPLIST_FILE = GitHubRepositoryRelease/Info.plist;
				INFOPLIST_KEY_UIApplicationSupportsIndirectInputEvents = YES;
				INFOPLIST_KEY_UILaunchStoryboardName = LaunchScreen;
				INFOPLIST_KEY_UIMainStoryboardFile = Main;
				INFOPLIST_KEY_UISupportedInterfaceOrientations_iPad = "UIInterfaceOrientationPortrait UIInterfaceOrientationPortraitUpsideDown UIInterfaceOrientationLandscapeLeft UIInterfaceOrientationLandscapeRight";
				INFOPLIST_KEY_UISupportedInterfaceOrientations_iPhone = "UIInterfaceOrientationPortrait UIInterfaceOrientationLandscapeLeft UIInterfaceOrientationLandscapeRight";
				LD_RUNPATH_SEARCH_PATHS = (
					"$(inherited)",
					"@executable_path/Frameworks",
				);
				MARKETING_VERSION = 1.0;
				PRODUCT_BUNDLE_IDENTIFIER = yugo.sugiyama.GitHubRepositoryRelease;
				PRODUCT_NAME = "$(TARGET_NAME)";
				SWIFT_EMIT_LOC_STRINGS = YES;
				SWIFT_VERSION = 5.0;
				TARGETED_DEVICE_FAMILY = "1,2";
			};
			name = Debug;
		};
		6804DFAD29AE5F7D00069F9C /* Release */ = {
			isa = XCBuildConfiguration;
			buildSettings = {
				ASSETCATALOG_COMPILER_APPICON_NAME = AppIcon;
				ASSETCATALOG_COMPILER_GLOBAL_ACCENT_COLOR_NAME = AccentColor;
				CODE_SIGN_STYLE = Automatic;
				CURRENT_PROJECT_VERSION = 1;
				DEVELOPMENT_TEAM = 669226BDWM;
				EXCLUDED_SOURCE_FILE_NAMES = "FLEX*";
				GENERATE_INFOPLIST_FILE = YES;
				INFOPLIST_FILE = GitHubRepositoryRelease/Info.plist;
				INFOPLIST_KEY_UIApplicationSupportsIndirectInputEvents = YES;
				INFOPLIST_KEY_UILaunchStoryboardName = LaunchScreen;
				INFOPLIST_KEY_UIMainStoryboardFile = Main;
				INFOPLIST_KEY_UISupportedInterfaceOrientations_iPad = "UIInterfaceOrientationPortrait UIInterfaceOrientationPortraitUpsideDown UIInterfaceOrientationLandscapeLeft UIInterfaceOrientationLandscapeRight";
				INFOPLIST_KEY_UISupportedInterfaceOrientations_iPhone = "UIInterfaceOrientationPortrait UIInterfaceOrientationLandscapeLeft UIInterfaceOrientationLandscapeRight";
				LD_RUNPATH_SEARCH_PATHS = (
					"$(inherited)",
					"@executable_path/Frameworks",
				);
				MARKETING_VERSION = 1.0;
				PRODUCT_BUNDLE_IDENTIFIER = yugo.sugiyama.GitHubRepositoryRelease;
				PRODUCT_NAME = "$(TARGET_NAME)";
				SWIFT_EMIT_LOC_STRINGS = YES;
				SWIFT_VERSION = 5.0;
				TARGETED_DEVICE_FAMILY = "1,2";
			};
			name = Release;
		};
/* End XCBuildConfiguration section */

/* Begin XCConfigurationList section */
		6804DF7C29AE5F7C00069F9C /* Build configuration list for PBXProject "GitHubRepositoryRelease" */ = {
			isa = XCConfigurationList;
			buildConfigurations = (
				6804DFA929AE5F7D00069F9C /* Debug */,
				6804DFAA29AE5F7D00069F9C /* Release */,
			);
			defaultConfigurationIsVisible = 0;
			defaultConfigurationName = Release;
		};
		6804DFAB29AE5F7D00069F9C /* Build configuration list for PBXNativeTarget "GitHubRepositoryRelease" */ = {
			isa = XCConfigurationList;
			buildConfigurations = (
				6804DFAC29AE5F7D00069F9C /* Debug */,
				6804DFAD29AE5F7D00069F9C /* Release */,
			);
			defaultConfigurationIsVisible = 0;
			defaultConfigurationName = Release;
		};
/* End XCConfigurationList section */

/* Begin XCSwiftPackageProductDependency section */
		68A8499629B8E0F9006933C5 /* GitHubRepositoryBase */ = {
			isa = XCSwiftPackageProductDependency;
			productName = GitHubRepositoryBase;
		};
/* End XCSwiftPackageProductDependency section */
	};
	rootObject = 6804DF7929AE5F7C00069F9C /* Project object */;
}
